// !$*UTF8*$!
{
	archiveVersion = 1;
	classes = {
	};
	objectVersion = 55;
	objects = {

/* Begin PBXBuildFile section */
		840AB1DC2893FE8F00870850 /* CoreDataManager.swift in Sources */ = {isa = PBXBuildFile; fileRef = 840AB1DB2893FE8F00870850 /* CoreDataManager.swift */; };
		84AF32AD2891AD7800398287 /* AppDelegate.swift in Sources */ = {isa = PBXBuildFile; fileRef = 84AF32AC2891AD7800398287 /* AppDelegate.swift */; };
		84AF32AF2891AD7800398287 /* SceneDelegate.swift in Sources */ = {isa = PBXBuildFile; fileRef = 84AF32AE2891AD7800398287 /* SceneDelegate.swift */; };
		84AF32B42891AD7800398287 /* Main.storyboard in Resources */ = {isa = PBXBuildFile; fileRef = 84AF32B22891AD7800398287 /* Main.storyboard */; };
		84AF32B72891AD7800398287 /* Test_Project_1_Five_Systems.xcdatamodeld in Sources */ = {isa = PBXBuildFile; fileRef = 84AF32B52891AD7800398287 /* Test_Project_1_Five_Systems.xcdatamodeld */; };
		84AF32B92891AD7A00398287 /* Assets.xcassets in Resources */ = {isa = PBXBuildFile; fileRef = 84AF32B82891AD7A00398287 /* Assets.xcassets */; };
		84AF32BC2891AD7A00398287 /* LaunchScreen.storyboard in Resources */ = {isa = PBXBuildFile; fileRef = 84AF32BA2891AD7A00398287 /* LaunchScreen.storyboard */; };
		84AF32C42891ADA900398287 /* LoginViewController.swift in Sources */ = {isa = PBXBuildFile; fileRef = 84AF32C32891ADA900398287 /* LoginViewController.swift */; };
		84AF32C62891ADBE00398287 /* TaskViewController.swift in Sources */ = {isa = PBXBuildFile; fileRef = 84AF32C52891ADBE00398287 /* TaskViewController.swift */; };
		84AF32C82891ADE600398287 /* NewTaskViewController.swift in Sources */ = {isa = PBXBuildFile; fileRef = 84AF32C72891ADE600398287 /* NewTaskViewController.swift */; };
		84AF32CD2891AE8700398287 /* TaskTableViewCell.swift in Sources */ = {isa = PBXBuildFile; fileRef = 84AF32CB2891AE8700398287 /* TaskTableViewCell.swift */; };
		84CCA3BD289A70640010C99A /* TaskModel.swift in Sources */ = {isa = PBXBuildFile; fileRef = 84CCA3BC289A70640010C99A /* TaskModel.swift */; };
/* End PBXBuildFile section */

/* Begin PBXFileReference section */
		840AB1DB2893FE8F00870850 /* CoreDataManager.swift */ = {isa = PBXFileReference; lastKnownFileType = sourcecode.swift; path = CoreDataManager.swift; sourceTree = "<group>"; };
		84AF32A92891AD7800398287 /* Test Project#1 Five Systems.app */ = {isa = PBXFileReference; explicitFileType = wrapper.application; includeInIndex = 0; path = "Test Project#1 Five Systems.app"; sourceTree = BUILT_PRODUCTS_DIR; };
		84AF32AC2891AD7800398287 /* AppDelegate.swift */ = {isa = PBXFileReference; lastKnownFileType = sourcecode.swift; path = AppDelegate.swift; sourceTree = "<group>"; };
		84AF32AE2891AD7800398287 /* SceneDelegate.swift */ = {isa = PBXFileReference; lastKnownFileType = sourcecode.swift; path = SceneDelegate.swift; sourceTree = "<group>"; };
		84AF32B32891AD7800398287 /* Base */ = {isa = PBXFileReference; lastKnownFileType = file.storyboard; name = Base; path = Base.lproj/Main.storyboard; sourceTree = "<group>"; };
		84AF32B62891AD7800398287 /* Test_Project_1_Five_Systems.xcdatamodel */ = {isa = PBXFileReference; lastKnownFileType = wrapper.xcdatamodel; path = Test_Project_1_Five_Systems.xcdatamodel; sourceTree = "<group>"; };
		84AF32B82891AD7A00398287 /* Assets.xcassets */ = {isa = PBXFileReference; lastKnownFileType = folder.assetcatalog; path = Assets.xcassets; sourceTree = "<group>"; };
		84AF32BB2891AD7A00398287 /* Base */ = {isa = PBXFileReference; lastKnownFileType = file.storyboard; name = Base; path = Base.lproj/LaunchScreen.storyboard; sourceTree = "<group>"; };
		84AF32BD2891AD7A00398287 /* Info.plist */ = {isa = PBXFileReference; lastKnownFileType = text.plist.xml; path = Info.plist; sourceTree = "<group>"; };
		84AF32C32891ADA900398287 /* LoginViewController.swift */ = {isa = PBXFileReference; lastKnownFileType = sourcecode.swift; path = LoginViewController.swift; sourceTree = "<group>"; };
		84AF32C52891ADBE00398287 /* TaskViewController.swift */ = {isa = PBXFileReference; lastKnownFileType = sourcecode.swift; path = TaskViewController.swift; sourceTree = "<group>"; };
		84AF32C72891ADE600398287 /* NewTaskViewController.swift */ = {isa = PBXFileReference; lastKnownFileType = sourcecode.swift; path = NewTaskViewController.swift; sourceTree = "<group>"; };
		84AF32CB2891AE8700398287 /* TaskTableViewCell.swift */ = {isa = PBXFileReference; lastKnownFileType = sourcecode.swift; path = TaskTableViewCell.swift; sourceTree = "<group>"; };
		84CCA3BC289A70640010C99A /* TaskModel.swift */ = {isa = PBXFileReference; lastKnownFileType = sourcecode.swift; path = TaskModel.swift; sourceTree = "<group>"; };
/* End PBXFileReference section */

/* Begin PBXFrameworksBuildPhase section */
		84AF32A62891AD7800398287 /* Frameworks */ = {
			isa = PBXFrameworksBuildPhase;
			buildActionMask = 2147483647;
			files = (
			);
			runOnlyForDeploymentPostprocessing = 0;
		};
/* End PBXFrameworksBuildPhase section */

/* Begin PBXGroup section */
		84A39FE528983B9800EF61C7 /* Models */ = {
			isa = PBXGroup;
			children = (
				840AB1DB2893FE8F00870850 /* CoreDataManager.swift */,
				84CCA3BC289A70640010C99A /* TaskModel.swift */,
			);
			path = Models;
			sourceTree = "<group>";
		};
		84AF32A02891AD7800398287 = {
			isa = PBXGroup;
			children = (
				84AF32AB2891AD7800398287 /* Test Project#1 Five Systems */,
				84AF32AA2891AD7800398287 /* Products */,
			);
			sourceTree = "<group>";
		};
		84AF32AA2891AD7800398287 /* Products */ = {
			isa = PBXGroup;
			children = (
				84AF32A92891AD7800398287 /* Test Project#1 Five Systems.app */,
			);
			name = Products;
			sourceTree = "<group>";
		};
		84AF32AB2891AD7800398287 /* Test Project#1 Five Systems */ = {
			isa = PBXGroup;
			children = (
				84AF32AC2891AD7800398287 /* AppDelegate.swift */,
				84AF32AE2891AD7800398287 /* SceneDelegate.swift */,
				84AF32CF28929AB800398287 /* ViewControllers */,
				84A39FE528983B9800EF61C7 /* Models */,
				84AF32CB2891AE8700398287 /* TaskTableViewCell.swift */,
				84AF32B22891AD7800398287 /* Main.storyboard */,
				84AF32B82891AD7A00398287 /* Assets.xcassets */,
				84AF32BA2891AD7A00398287 /* LaunchScreen.storyboard */,
				84AF32BD2891AD7A00398287 /* Info.plist */,
				84AF32B52891AD7800398287 /* Test_Project_1_Five_Systems.xcdatamodeld */,
			);
			path = "Test Project#1 Five Systems";
			sourceTree = "<group>";
		};
		84AF32CF28929AB800398287 /* ViewControllers */ = {
			isa = PBXGroup;
			children = (
				84AF32C32891ADA900398287 /* LoginViewController.swift */,
				84AF32C52891ADBE00398287 /* TaskViewController.swift */,
				84AF32C72891ADE600398287 /* NewTaskViewController.swift */,
			);
			path = ViewControllers;
			sourceTree = "<group>";
		};
/* End PBXGroup section */

/* Begin PBXNativeTarget section */
		84AF32A82891AD7800398287 /* Test Project#1 Five Systems */ = {
			isa = PBXNativeTarget;
			buildConfigurationList = 84AF32C02891AD7A00398287 /* Build configuration list for PBXNativeTarget "Test Project#1 Five Systems" */;
			buildPhases = (
				84AF32A52891AD7800398287 /* Sources */,
				84AF32A62891AD7800398287 /* Frameworks */,
				84AF32A72891AD7800398287 /* Resources */,
			);
			buildRules = (
			);
			dependencies = (
			);
			name = "Test Project#1 Five Systems";
			productName = "Test Project#1 Five Systems";
			productReference = 84AF32A92891AD7800398287 /* Test Project#1 Five Systems.app */;
			productType = "com.apple.product-type.application";
		};
/* End PBXNativeTarget section */

/* Begin PBXProject section */
		84AF32A12891AD7800398287 /* Project object */ = {
			isa = PBXProject;
			attributes = {
				BuildIndependentTargetsInParallel = 1;
				LastSwiftUpdateCheck = 1340;
				LastUpgradeCheck = 1340;
				TargetAttributes = {
					84AF32A82891AD7800398287 = {
						CreatedOnToolsVersion = 13.4.1;
					};
				};
			};
			buildConfigurationList = 84AF32A42891AD7800398287 /* Build configuration list for PBXProject "Test Project#1 Five Systems" */;
			compatibilityVersion = "Xcode 13.0";
			developmentRegion = en;
			hasScannedForEncodings = 0;
			knownRegions = (
				en,
				Base,
			);
			mainGroup = 84AF32A02891AD7800398287;
			productRefGroup = 84AF32AA2891AD7800398287 /* Products */;
			projectDirPath = "";
			projectRoot = "";
			targets = (
				84AF32A82891AD7800398287 /* Test Project#1 Five Systems */,
			);
		};
/* End PBXProject section */

/* Begin PBXResourcesBuildPhase section */
		84AF32A72891AD7800398287 /* Resources */ = {
			isa = PBXResourcesBuildPhase;
			buildActionMask = 2147483647;
			files = (
				84AF32BC2891AD7A00398287 /* LaunchScreen.storyboard in Resources */,
				84AF32B92891AD7A00398287 /* Assets.xcassets in Resources */,
				84AF32B42891AD7800398287 /* Main.storyboard in Resources */,
			);
			runOnlyForDeploymentPostprocessing = 0;
		};
/* End PBXResourcesBuildPhase section */

/* Begin PBXSourcesBuildPhase section */
		84AF32A52891AD7800398287 /* Sources */ = {
			isa = PBXSourcesBuildPhase;
			buildActionMask = 2147483647;
			files = (
				84AF32CD2891AE8700398287 /* TaskTableViewCell.swift in Sources */,
				84AF32C42891ADA900398287 /* LoginViewController.swift in Sources */,
				84AF32AD2891AD7800398287 /* AppDelegate.swift in Sources */,
				84CCA3BD289A70640010C99A /* TaskModel.swift in Sources */,
				84AF32C62891ADBE00398287 /* TaskViewController.swift in Sources */,
				84AF32B72891AD7800398287 /* Test_Project_1_Five_Systems.xcdatamodeld in Sources */,
				84AF32C82891ADE600398287 /* NewTaskViewController.swift in Sources */,
				840AB1DC2893FE8F00870850 /* CoreDataManager.swift in Sources */,
				84AF32AF2891AD7800398287 /* SceneDelegate.swift in Sources */,
			);
			runOnlyForDeploymentPostprocessing = 0;
		};
/* End PBXSourcesBuildPhase section */

/* Begin PBXVariantGroup section */
		84AF32B22891AD7800398287 /* Main.storyboard */ = {
			isa = PBXVariantGroup;
			children = (
				84AF32B32891AD7800398287 /* Base */,
			);
			name = Main.storyboard;
			sourceTree = "<group>";
		};
		84AF32BA2891AD7A00398287 /* LaunchScreen.storyboard */ = {
			isa = PBXVariantGroup;
			children = (
				84AF32BB2891AD7A00398287 /* Base */,
			);
			name = LaunchScreen.storyboard;
			sourceTree = "<group>";
		};
/* End PBXVariantGroup section */

/* Begin XCBuildConfiguration section */
		84AF32BE2891AD7A00398287 /* Debug */ = {
			isa = XCBuildConfiguration;
			buildSettings = {
				ALWAYS_SEARCH_USER_PATHS = NO;
				CLANG_ANALYZER_NONNULL = YES;
				CLANG_ANALYZER_NUMBER_OBJECT_CONVERSION = YES_AGGRESSIVE;
				CLANG_CXX_LANGUAGE_STANDARD = "gnu++17";
				CLANG_ENABLE_MODULES = YES;
				CLANG_ENABLE_OBJC_ARC = YES;
				CLANG_ENABLE_OBJC_WEAK = YES;
				CLANG_WARN_BLOCK_CAPTURE_AUTORELEASING = YES;
				CLANG_WARN_BOOL_CONVERSION = YES;
				CLANG_WARN_COMMA = YES;
				CLANG_WARN_CONSTANT_CONVERSION = YES;
				CLANG_WARN_DEPRECATED_OBJC_IMPLEMENTATIONS = YES;
				CLANG_WARN_DIRECT_OBJC_ISA_USAGE = YES_ERROR;
				CLANG_WARN_DOCUMENTATION_COMMENTS = YES;
				CLANG_WARN_EMPTY_BODY = YES;
				CLANG_WARN_ENUM_CONVERSION = YES;
				CLANG_WARN_INFINITE_RECURSION = YES;
				CLANG_WARN_INT_CONVERSION = YES;
				CLANG_WARN_NON_LITERAL_NULL_CONVERSION = YES;
				CLANG_WARN_OBJC_IMPLICIT_RETAIN_SELF = YES;
				CLANG_WARN_OBJC_LITERAL_CONVERSION = YES;
				CLANG_WARN_OBJC_ROOT_CLASS = YES_ERROR;
				CLANG_WARN_QUOTED_INCLUDE_IN_FRAMEWORK_HEADER = YES;
				CLANG_WARN_RANGE_LOOP_ANALYSIS = YES;
				CLANG_WARN_STRICT_PROTOTYPES = YES;
				CLANG_WARN_SUSPICIOUS_MOVE = YES;
				CLANG_WARN_UNGUARDED_AVAILABILITY = YES_AGGRESSIVE;
				CLANG_WARN_UNREACHABLE_CODE = YES;
				CLANG_WARN__DUPLICATE_METHOD_MATCH = YES;
				COPY_PHASE_STRIP = NO;
				DEBUG_INFORMATION_FORMAT = dwarf;
				ENABLE_STRICT_OBJC_MSGSEND = YES;
				ENABLE_TESTABILITY = YES;
				GCC_C_LANGUAGE_STANDARD = gnu11;
				GCC_DYNAMIC_NO_PIC = NO;
				GCC_NO_COMMON_BLOCKS = YES;
				GCC_OPTIMIZATION_LEVEL = 0;
				GCC_PREPROCESSOR_DEFINITIONS = (
					"DEBUG=1",
					"$(inherited)",
				);
				GCC_WARN_64_TO_32_BIT_CONVERSION = YES;
				GCC_WARN_ABOUT_RETURN_TYPE = YES_ERROR;
				GCC_WARN_UNDECLARED_SELECTOR = YES;
				GCC_WARN_UNINITIALIZED_AUTOS = YES_AGGRESSIVE;
				GCC_WARN_UNUSED_FUNCTION = YES;
				GCC_WARN_UNUSED_VARIABLE = YES;
				IPHONEOS_DEPLOYMENT_TARGET = 15.5;
				MTL_ENABLE_DEBUG_INFO = INCLUDE_SOURCE;
				MTL_FAST_MATH = YES;
				ONLY_ACTIVE_ARCH = YES;
				SDKROOT = iphoneos;
				SWIFT_ACTIVE_COMPILATION_CONDITIONS = DEBUG;
				SWIFT_OPTIMIZATION_LEVEL = "-Onone";
			};
			name = Debug;
		};
		84AF32BF2891AD7A00398287 /* Release */ = {
			isa = XCBuildConfiguration;
			buildSettings = {
				ALWAYS_SEARCH_USER_PATHS = NO;
				CLANG_ANALYZER_NONNULL = YES;
				CLANG_ANALYZER_NUMBER_OBJECT_CONVERSION = YES_AGGRESSIVE;
				CLANG_CXX_LANGUAGE_STANDARD = "gnu++17";
				CLANG_ENABLE_MODULES = YES;
				CLANG_ENABLE_OBJC_ARC = YES;
				CLANG_ENABLE_OBJC_WEAK = YES;
				CLANG_WARN_BLOCK_CAPTURE_AUTORELEASING = YES;
				CLANG_WARN_BOOL_CONVERSION = YES;
				CLANG_WARN_COMMA = YES;
				CLANG_WARN_CONSTANT_CONVERSION = YES;
				CLANG_WARN_DEPRECATED_OBJC_IMPLEMENTATIONS = YES;
				CLANG_WARN_DIRECT_OBJC_ISA_USAGE = YES_ERROR;
				CLANG_WARN_DOCUMENTATION_COMMENTS = YES;
				CLANG_WARN_EMPTY_BODY = YES;
				CLANG_WARN_ENUM_CONVERSION = YES;
				CLANG_WARN_INFINITE_RECURSION = YES;
				CLANG_WARN_INT_CONVERSION = YES;
				CLANG_WARN_NON_LITERAL_NULL_CONVERSION = YES;
				CLANG_WARN_OBJC_IMPLICIT_RETAIN_SELF = YES;
				CLANG_WARN_OBJC_LITERAL_CONVERSION = YES;
				CLANG_WARN_OBJC_ROOT_CLASS = YES_ERROR;
				CLANG_WARN_QUOTED_INCLUDE_IN_FRAMEWORK_HEADER = YES;
				CLANG_WARN_RANGE_LOOP_ANALYSIS = YES;
				CLANG_WARN_STRICT_PROTOTYPES = YES;
				CLANG_WARN_SUSPICIOUS_MOVE = YES;
				CLANG_WARN_UNGUARDED_AVAILABILITY = YES_AGGRESSIVE;
				CLANG_WARN_UNREACHABLE_CODE = YES;
				CLANG_WARN__DUPLICATE_METHOD_MATCH = YES;
				COPY_PHASE_STRIP = NO;
				DEBUG_INFORMATION_FORMAT = "dwarf-with-dsym";
				ENABLE_NS_ASSERTIONS = NO;
				ENABLE_STRICT_OBJC_MSGSEND = YES;
				GCC_C_LANGUAGE_STANDARD = gnu11;
				GCC_NO_COMMON_BLOCKS = YES;
				GCC_WARN_64_TO_32_BIT_CONVERSION = YES;
				GCC_WARN_ABOUT_RETURN_TYPE = YES_ERROR;
				GCC_WARN_UNDECLARED_SELECTOR = YES;
				GCC_WARN_UNINITIALIZED_AUTOS = YES_AGGRESSIVE;
				GCC_WARN_UNUSED_FUNCTION = YES;
				GCC_WARN_UNUSED_VARIABLE = YES;
				IPHONEOS_DEPLOYMENT_TARGET = 15.5;
				MTL_ENABLE_DEBUG_INFO = NO;
				MTL_FAST_MATH = YES;
				SDKROOT = iphoneos;
				SWIFT_COMPILATION_MODE = wholemodule;
				SWIFT_OPTIMIZATION_LEVEL = "-O";
				VALIDATE_PRODUCT = YES;
			};
			name = Release;
		};
		84AF32C12891AD7A00398287 /* Debug */ = {
			isa = XCBuildConfiguration;
			buildSettings = {
				ASSETCATALOG_COMPILER_APPICON_NAME = AppIcon;
				ASSETCATALOG_COMPILER_GLOBAL_ACCENT_COLOR_NAME = AccentColor;
				CODE_SIGN_STYLE = Automatic;
				CURRENT_PROJECT_VERSION = 1;
				DEVELOPMENT_TEAM = L94N94545Z;
				GENERATE_INFOPLIST_FILE = YES;
				INFOPLIST_FILE = "Test Project#1 Five Systems/Info.plist";
				INFOPLIST_KEY_UIApplicationSupportsIndirectInputEvents = YES;
				INFOPLIST_KEY_UILaunchStoryboardName = LaunchScreen;
				INFOPLIST_KEY_UIMainStoryboardFile = Main;
				INFOPLIST_KEY_UISupportedInterfaceOrientations_iPad = "UIInterfaceOrientationPortrait UIInterfaceOrientationPortraitUpsideDown UIInterfaceOrientationLandscapeLeft UIInterfaceOrientationLandscapeRight";
				INFOPLIST_KEY_UISupportedInterfaceOrientations_iPhone = "UIInterfaceOrientationPortrait UIInterfaceOrientationLandscapeLeft UIInterfaceOrientationLandscapeRight";
				LD_RUNPATH_SEARCH_PATHS = (
					"$(inherited)",
					"@executable_path/Frameworks",
				);
				MARKETING_VERSION = 1.0;
				PRODUCT_BUNDLE_IDENTIFIER = "com.dKmityuk.Test-Project-1-Five-Systems";
				PRODUCT_NAME = "$(TARGET_NAME)";
				SWIFT_EMIT_LOC_STRINGS = YES;
				SWIFT_VERSION = 5.0;
				TARGETED_DEVICE_FAMILY = "1,2";
			};
			name = Debug;
		};
		84AF32C22891AD7A00398287 /* Release */ = {
			isa = XCBuildConfiguration;
			buildSettings = {
				ASSETCATALOG_COMPILER_APPICON_NAME = AppIcon;
				ASSETCATALOG_COMPILER_GLOBAL_ACCENT_COLOR_NAME = AccentColor;
				CODE_SIGN_STYLE = Automatic;
				CURRENT_PROJECT_VERSION = 1;
				DEVELOPMENT_TEAM = L94N94545Z;
				GENERATE_INFOPLIST_FILE = YES;
				INFOPLIST_FILE = "Test Project#1 Five Systems/Info.plist";
				INFOPLIST_KEY_UIApplicationSupportsIndirectInputEvents = YES;
				INFOPLIST_KEY_UILaunchStoryboardName = LaunchScreen;
				INFOPLIST_KEY_UIMainStoryboardFile = Main;
				INFOPLIST_KEY_UISupportedInterfaceOrientations_iPad = "UIInterfaceOrientationPortrait UIInterfaceOrientationPortraitUpsideDown UIInterfaceOrientationLandscapeLeft UIInterfaceOrientationLandscapeRight";
				INFOPLIST_KEY_UISupportedInterfaceOrientations_iPhone = "UIInterfaceOrientationPortrait UIInterfaceOrientationLandscapeLeft UIInterfaceOrientationLandscapeRight";
				LD_RUNPATH_SEARCH_PATHS = (
					"$(inherited)",
					"@executable_path/Frameworks",
				);
				MARKETING_VERSION = 1.0;
				PRODUCT_BUNDLE_IDENTIFIER = "com.dKmityuk.Test-Project-1-Five-Systems";
				PRODUCT_NAME = "$(TARGET_NAME)";
				SWIFT_EMIT_LOC_STRINGS = YES;
				SWIFT_VERSION = 5.0;
				TARGETED_DEVICE_FAMILY = "1,2";
			};
			name = Release;
		};
/* End XCBuildConfiguration section */

/* Begin XCConfigurationList section */
		84AF32A42891AD7800398287 /* Build configuration list for PBXProject "Test Project#1 Five Systems" */ = {
			isa = XCConfigurationList;
			buildConfigurations = (
				84AF32BE2891AD7A00398287 /* Debug */,
				84AF32BF2891AD7A00398287 /* Release */,
			);
			defaultConfigurationIsVisible = 0;
			defaultConfigurationName = Release;
		};
		84AF32C02891AD7A00398287 /* Build configuration list for PBXNativeTarget "Test Project#1 Five Systems" */ = {
			isa = XCConfigurationList;
			buildConfigurations = (
				84AF32C12891AD7A00398287 /* Debug */,
				84AF32C22891AD7A00398287 /* Release */,
			);
			defaultConfigurationIsVisible = 0;
			defaultConfigurationName = Release;
		};
/* End XCConfigurationList section */

/* Begin XCVersionGroup section */
		84AF32B52891AD7800398287 /* Test_Project_1_Five_Systems.xcdatamodeld */ = {
			isa = XCVersionGroup;
			children = (
				84AF32B62891AD7800398287 /* Test_Project_1_Five_Systems.xcdatamodel */,
			);
			currentVersion = 84AF32B62891AD7800398287 /* Test_Project_1_Five_Systems.xcdatamodel */;
			path = Test_Project_1_Five_Systems.xcdatamodeld;
			sourceTree = "<group>";
			versionGroupType = wrapper.xcdatamodel;
		};
/* End XCVersionGroup section */
	};
	rootObject = 84AF32A12891AD7800398287 /* Project object */;
}
